# This file is automatically @generated by Cargo.
# It is not intended for manual editing.
version = 3

[[package]]
name = "map-analyzer"
version = "0.1.0"
dependencies = [
 "rosu-map",
]

[[package]]
name = "rosu-map"
version = "0.1.2"
source = "registry+https://github.com/rust-lang/crates.io-index"
checksum = "907d85647905d8de0b5560a8e2d87b7bf457b4b22cdd8f2025c1ff384435ec25"
